
Microsoft Visual Studio Solution File, Format Version 12.00
# Visual Studio 15
VisualStudioVersion = 15.0.27130.2036
MinimumVisualStudioVersion = 10.0.40219.1
Project("{FAE04EC0-301F-11D3-BF4B-00C04F79EFBC}") = "WebApp", "WebApp\WebApp.csproj", "{A437F5ED-C5C4-4EE8-916D-A6347C492BCD}"
EndProject
Project("{FAE04EC0-301F-11D3-BF4B-00C04F79EFBC}") = "Mak.Cache", "Mak\Mak.Cache\Mak.Cache.csproj", "{84283A2E-3049-4609-9891-183823383E1A}"
EndProject
Project("{2150E333-8FDC-42A3-9474-1A3956D46DE8}") = "Mak", "Mak", "{5273DD50-452A-416C-8BD5-826EEB7CEADB}"
EndProject
Project("{FAE04EC0-301F-11D3-BF4B-00C04F79EFBC}") = "Mak.Common", "Mak\Mak.Common\Mak.Common.csproj", "{52174140-C2BD-4EA7-A713-AEF55F972096}"
EndProject
Project("{FAE04EC0-301F-11D3-BF4B-00C04F79EFBC}") = "Mak.Data", "Mak\Mak.Data\Mak.Data.csproj", "{EAC10A09-98E6-440B-B4E7-50D412001249}"
EndProject
Project("{FAE04EC0-301F-11D3-BF4B-00C04F79EFBC}") = "Mak.Data.Access", "Mak\Mak.Data.Access\Mak.Data.Access.csproj", "{7ED7737C-84CD-4EEB-B845-5F8CA0C61CCF}"
EndProject
Project("{FAE04EC0-301F-11D3-BF4B-00C04F79EFBC}") = "Mak.Data.MySql", "Mak\Mak.Data.MySql\Mak.Data.MySql.csproj", "{3A5908A1-1680-4F80-8B88-55D00F55833A}"
EndProject
Project("{FAE04EC0-301F-11D3-BF4B-00C04F79EFBC}") = "Mak.Data.Oracle", "Mak\Mak.Data.Oracle\Mak.Data.Oracle.csproj", "{D69BD396-FF1F-4C9D-B23D-E13868340825}"
EndProject
Project("{FAE04EC0-301F-11D3-BF4B-00C04F79EFBC}") = "Mak.Data.SqlServer", "Mak\Mak.Data.SqlServer\Mak.Data.SqlServer.csproj", "{D43EF747-5C1D-4283-8D9E-12DDBA03CB25}"
EndProject
Project("{FAE04EC0-301F-11D3-BF4B-00C04F79EFBC}") = "WebModel", "WebModel\WebModel.csproj", "{D6871DF1-C7D1-4117-9F17-829FEE6A083A}"
EndProject
Project("{FAE04EC0-301F-11D3-BF4B-00C04F79EFBC}") = "nnproxy", "nnproxy\nnproxy.csproj", "{1DE18BB2-2E14-4B44-8B53-238681C10BBD}"
EndProject
Project("{FAE04EC0-301F-11D3-BF4B-00C04F79EFBC}") = "xingshenSvrHelper", "xingshenSvrHelper\xingshenSvrHelper.csproj", "{3B7DD3DE-D139-40F2-8353-9B8EF55E6A94}"
EndProject
Global
	GlobalSection(SolutionConfigurationPlatforms) = preSolution
		Debug|Any CPU = Debug|Any CPU
		Release|Any CPU = Release|Any CPU
	EndGlobalSection
	GlobalSection(ProjectConfigurationPlatforms) = postSolution
		{A437F5ED-C5C4-4EE8-916D-A6347C492BCD}.Debug|Any CPU.ActiveCfg = Debug|Any CPU
		{A437F5ED-C5C4-4EE8-916D-A6347C492BCD}.Debug|Any CPU.Build.0 = Debug|Any CPU
		{A437F5ED-C5C4-4EE8-916D-A6347C492BCD}.Release|Any CPU.ActiveCfg = Release|Any CPU
		{A437F5ED-C5C4-4EE8-916D-A6347C492BCD}.Release|Any CPU.Build.0 = Release|Any CPU
		{84283A2E-3049-4609-9891-183823383E1A}.Debug|Any CPU.ActiveCfg = Debug|Any CPU
		{84283A2E-3049-4609-9891-183823383E1A}.Debug|Any CPU.Build.0 = Debug|Any CPU
		{84283A2E-3049-4609-9891-183823383E1A}.Release|Any CPU.ActiveCfg = Release|Any CPU
		{84283A2E-3049-4609-9891-183823383E1A}.Release|Any CPU.Build.0 = Release|Any CPU
		{52174140-C2BD-4EA7-A713-AEF55F972096}.Debug|Any CPU.ActiveCfg = Debug|Any CPU
		{52174140-C2BD-4EA7-A713-AEF55F972096}.Debug|Any CPU.Build.0 = Debug|Any CPU
		{52174140-C2BD-4EA7-A713-AEF55F972096}.Release|Any CPU.ActiveCfg = Release|Any CPU
		{52174140-C2BD-4EA7-A713-AEF55F972096}.Release|Any CPU.Build.0 = Release|Any CPU
		{EAC10A09-98E6-440B-B4E7-50D412001249}.Debug|Any CPU.ActiveCfg = Debug|Any CPU
		{EAC10A09-98E6-440B-B4E7-50D412001249}.Debug|Any CPU.Build.0 = Debug|Any CPU
		{EAC10A09-98E6-440B-B4E7-50D412001249}.Release|Any CPU.ActiveCfg = Release|Any CPU
		{EAC10A09-98E6-440B-B4E7-50D412001249}.Release|Any CPU.Build.0 = Release|Any CPU
		{7ED7737C-84CD-4EEB-B845-5F8CA0C61CCF}.Debug|Any CPU.ActiveCfg = Debug|Any CPU
		{7ED7737C-84CD-4EEB-B845-5F8CA0C61CCF}.Debug|Any CPU.Build.0 = Debug|Any CPU
		{7ED7737C-84CD-4EEB-B845-5F8CA0C61CCF}.Release|Any CPU.ActiveCfg = Release|Any CPU
		{7ED7737C-84CD-4EEB-B845-5F8CA0C61CCF}.Release|Any CPU.Build.0 = Release|Any CPU
		{3A5908A1-1680-4F80-8B88-55D00F55833A}.Debug|Any CPU.ActiveCfg = Debug|Any CPU
		{3A5908A1-1680-4F80-8B88-55D00F55833A}.Debug|Any CPU.Build.0 = Debug|Any CPU
		{3A5908A1-1680-4F80-8B88-55D00F55833A}.Release|Any CPU.ActiveCfg = Release|Any CPU
		{3A5908A1-1680-4F80-8B88-55D00F55833A}.Release|Any CPU.Build.0 = Release|Any CPU
		{D69BD396-FF1F-4C9D-B23D-E13868340825}.Debug|Any CPU.ActiveCfg = Debug|Any CPU
		{D69BD396-FF1F-4C9D-B23D-E13868340825}.Debug|Any CPU.Build.0 = Debug|Any CPU
		{D69BD396-FF1F-4C9D-B23D-E13868340825}.Release|Any CPU.ActiveCfg = Release|Any CPU
		{D69BD396-FF1F-4C9D-B23D-E13868340825}.Release|Any CPU.Build.0 = Release|Any CPU
		{D43EF747-5C1D-4283-8D9E-12DDBA03CB25}.Debug|Any CPU.ActiveCfg = Debug|Any CPU
		{D43EF747-5C1D-4283-8D9E-12DDBA03CB25}.Debug|Any CPU.Build.0 = Debug|Any CPU
		{D43EF747-5C1D-4283-8D9E-12DDBA03CB25}.Release|Any CPU.ActiveCfg = Release|Any CPU
		{D43EF747-5C1D-4283-8D9E-12DDBA03CB25}.Release|Any CPU.Build.0 = Release|Any CPU
		{D6871DF1-C7D1-4117-9F17-829FEE6A083A}.Debug|Any CPU.ActiveCfg = Debug|Any CPU
		{D6871DF1-C7D1-4117-9F17-829FEE6A083A}.Debug|Any CPU.Build.0 = Debug|Any CPU
		{D6871DF1-C7D1-4117-9F17-829FEE6A083A}.Release|Any CPU.ActiveCfg = Release|Any CPU
		{D6871DF1-C7D1-4117-9F17-829FEE6A083A}.Release|Any CPU.Build.0 = Release|Any CPU
		{1DE18BB2-2E14-4B44-8B53-238681C10BBD}.Debug|Any CPU.ActiveCfg = Debug|Any CPU
		{1DE18BB2-2E14-4B44-8B53-238681C10BBD}.Debug|Any CPU.Build.0 = Debug|Any CPU
		{1DE18BB2-2E14-4B44-8B53-238681C10BBD}.Release|Any CPU.ActiveCfg = Release|Any CPU
		{1DE18BB2-2E14-4B44-8B53-238681C10BBD}.Release|Any CPU.Build.0 = Release|Any CPU
		{3B7DD3DE-D139-40F2-8353-9B8EF55E6A94}.Debug|Any CPU.ActiveCfg = Debug|Any CPU
		{3B7DD3DE-D139-40F2-8353-9B8EF55E6A94}.Debug|Any CPU.Build.0 = Debug|Any CPU
		{3B7DD3DE-D139-40F2-8353-9B8EF55E6A94}.Release|Any CPU.ActiveCfg = Release|Any CPU
		{3B7DD3DE-D139-40F2-8353-9B8EF55E6A94}.Release|Any CPU.Build.0 = Release|Any CPU
	EndGlobalSection
	GlobalSection(SolutionProperties) = preSolution
		HideSolutionNode = FALSE
	EndGlobalSection
	GlobalSection(NestedProjects) = preSolution
		{84283A2E-3049-4609-9891-183823383E1A} = {5273DD50-452A-416C-8BD5-826EEB7CEADB}
		{52174140-C2BD-4EA7-A713-AEF55F972096} = {5273DD50-452A-416C-8BD5-826EEB7CEADB}
		{EAC10A09-98E6-440B-B4E7-50D412001249} = {5273DD50-452A-416C-8BD5-826EEB7CEADB}
		{7ED7737C-84CD-4EEB-B845-5F8CA0C61CCF} = {5273DD50-452A-416C-8BD5-826EEB7CEADB}
		{3A5908A1-1680-4F80-8B88-55D00F55833A} = {5273DD50-452A-416C-8BD5-826EEB7CEADB}
		{D69BD396-FF1F-4C9D-B23D-E13868340825} = {5273DD50-452A-416C-8BD5-826EEB7CEADB}
		{D43EF747-5C1D-4283-8D9E-12DDBA03CB25} = {5273DD50-452A-416C-8BD5-826EEB7CEADB}
	EndGlobalSection
	GlobalSection(ExtensibilityGlobals) = postSolution
		SolutionGuid = {AE6DFF04-5AD8-4F45-AA7C-4CB21F1DB3DF}
	EndGlobalSection
EndGlobal
